
Microsoft Visual Studio Solution File, Format Version 12.00
# Visual Studio Version 16
VisualStudioVersion = 16.0.30804.86
MinimumVisualStudioVersion = 10.0.40219.1
Project("{FAE04EC0-301F-11D3-BF4B-00C04F79EFBC}") = "WeddingPlanner.Api", "WeddingPlanner.Api\WeddingPlanner.Api.csproj", "{5198EE68-2471-4A28-9AC3-0ABD3CA6B930}"
EndProject
Project("{FAE04EC0-301F-11D3-BF4B-00C04F79EFBC}") = "WeddingPlanner.Infrastructure", "WeddingPlanner.Infrastructure\WeddingPlanner.Infrastructure.csproj", "{4663F821-7F0F-432E-8F5F-82D6DD42467D}"
EndProject
Global
	GlobalSection(SolutionConfigurationPlatforms) = preSolution
		Debug|Any CPU = Debug|Any CPU
		Release|Any CPU = Release|Any CPU
	EndGlobalSection
	GlobalSection(ProjectConfigurationPlatforms) = postSolution
		{5198EE68-2471-4A28-9AC3-0ABD3CA6B930}.Debug|Any CPU.ActiveCfg = Debug|Any CPU
		{5198EE68-2471-4A28-9AC3-0ABD3CA6B930}.Debug|Any CPU.Build.0 = Debug|Any CPU
		{5198EE68-2471-4A28-9AC3-0ABD3CA6B930}.Release|Any CPU.ActiveCfg = Release|Any CPU
		{5198EE68-2471-4A28-9AC3-0ABD3CA6B930}.Release|Any CPU.Build.0 = Release|Any CPU
		{4663F821-7F0F-432E-8F5F-82D6DD42467D}.Debug|Any CPU.ActiveCfg = Debug|Any CPU
		{4663F821-7F0F-432E-8F5F-82D6DD42467D}.Debug|Any CPU.Build.0 = Debug|Any CPU
		{4663F821-7F0F-432E-8F5F-82D6DD42467D}.Release|Any CPU.ActiveCfg = Release|Any CPU
		{4663F821-7F0F-432E-8F5F-82D6DD42467D}.Release|Any CPU.Build.0 = Release|Any CPU
	EndGlobalSection
	GlobalSection(SolutionProperties) = preSolution
		HideSolutionNode = FALSE
	EndGlobalSection
	GlobalSection(ExtensibilityGlobals) = postSolution
		SolutionGuid = {BC638275-989A-4027-BABB-DF92085C1CF9}
	EndGlobalSection
EndGlobal
